// !$*UTF8*$!
{
	archiveVersion = 1;
	classes = {
	};
	objectVersion = 55;
	objects = {

/* Begin PBXBuildFile section */
		0443E2ED2825249E00A8CF13 /* Games.swift in Sources */ = {isa = PBXBuildFile; fileRef = 0443E2EC2825249E00A8CF13 /* Games.swift */; };
		0443E2EF2825405000A8CF13 /* RowGame.swift in Sources */ = {isa = PBXBuildFile; fileRef = 0443E2EE2825405000A8CF13 /* RowGame.swift */; };
		0451EBEA282C087700B8C6E3 /* WishlistGame.swift in Sources */ = {isa = PBXBuildFile; fileRef = 0451EBE9282C087600B8C6E3 /* WishlistGame.swift */; };
		0451EBED282C095600B8C6E3 /* ProfileView.swift in Sources */ = {isa = PBXBuildFile; fileRef = 0451EBEC282C095600B8C6E3 /* ProfileView.swift */; };
		048F43B22825F0EE003D85EB /* Header.swift in Sources */ = {isa = PBXBuildFile; fileRef = 048F43B12825F0EE003D85EB /* Header.swift */; };
		048F43B828262BE0003D85EB /* ListGame.swift in Sources */ = {isa = PBXBuildFile; fileRef = 048F43B728262BE0003D85EB /* ListGame.swift */; };
		04BA58F6282BD9B400F4B214 /* CategoryGames.swift in Sources */ = {isa = PBXBuildFile; fileRef = 04BA58F5282BD9B400F4B214 /* CategoryGames.swift */; };
		04E6A2C12823FC49008A01F1 /* GamesPopularApp.swift in Sources */ = {isa = PBXBuildFile; fileRef = 04E6A2C02823FC49008A01F1 /* GamesPopularApp.swift */; };
		04E6A2C32823FC49008A01F1 /* ContentView.swift in Sources */ = {isa = PBXBuildFile; fileRef = 04E6A2C22823FC49008A01F1 /* ContentView.swift */; };
		04E6A2C52823FC4A008A01F1 /* Assets.xcassets in Resources */ = {isa = PBXBuildFile; fileRef = 04E6A2C42823FC4A008A01F1 /* Assets.xcassets */; };
		04E6A2C82823FC4A008A01F1 /* Preview Assets.xcassets in Resources */ = {isa = PBXBuildFile; fileRef = 04E6A2C72823FC4A008A01F1 /* Preview Assets.xcassets */; };
		04E6A2CF282400B0008A01F1 /* helper.swift in Sources */ = {isa = PBXBuildFile; fileRef = 04E6A2CE282400B0008A01F1 /* helper.swift */; };
		FF4A3AE0283BEEF8004AA58D /* ProfileEdit.swift in Sources */ = {isa = PBXBuildFile; fileRef = FF4A3ADF283BEEF8004AA58D /* ProfileEdit.swift */; };
		FF4A3AE2283BF2B8004AA58D /* Profile.swift in Sources */ = {isa = PBXBuildFile; fileRef = FF4A3AE1283BF2B8004AA58D /* Profile.swift */; };
		FF4A3AE5283BF462004AA58D /* SettingsView.swift in Sources */ = {isa = PBXBuildFile; fileRef = FF4A3AE4283BF462004AA58D /* SettingsView.swift */; };
		FFB7B2C5284E234F00D62C5F /* SystemThemeManager.swift in Sources */ = {isa = PBXBuildFile; fileRef = FFB7B2C4284E234F00D62C5F /* SystemThemeManager.swift */; };
		FFB7B2C7284E34A200D62C5F /* WishListModel.swift in Sources */ = {isa = PBXBuildFile; fileRef = FFB7B2C6284E34A100D62C5F /* WishListModel.swift */; };
		FFB7B2CA284E404800D62C5F /* WishListView.swift in Sources */ = {isa = PBXBuildFile; fileRef = FFB7B2C9284E404800D62C5F /* WishListView.swift */; };
		FFB8ECA32832B41600848D28 /* User.swift in Sources */ = {isa = PBXBuildFile; fileRef = FFB8ECA22832B41600848D28 /* User.swift */; };
		FFD6E1972845AA37002CCB48 /* MoreGames.swift in Sources */ = {isa = PBXBuildFile; fileRef = FFD6E1962845AA37002CCB48 /* MoreGames.swift */; };
		FFE58630283C02C50017A994 /* NightMode.swift in Sources */ = {isa = PBXBuildFile; fileRef = FFE5862F283C02C50017A994 /* NightMode.swift */; };
/* End PBXBuildFile section */

/* Begin PBXFileReference section */
		0443E2EC2825249E00A8CF13 /* Games.swift */ = {isa = PBXFileReference; lastKnownFileType = sourcecode.swift; path = Games.swift; sourceTree = "<group>"; };
		0443E2EE2825405000A8CF13 /* RowGame.swift */ = {isa = PBXFileReference; lastKnownFileType = sourcecode.swift; path = RowGame.swift; sourceTree = "<group>"; };
		0451EBE9282C087600B8C6E3 /* WishlistGame.swift */ = {isa = PBXFileReference; lastKnownFileType = sourcecode.swift; path = WishlistGame.swift; sourceTree = "<group>"; };
		0451EBEC282C095600B8C6E3 /* ProfileView.swift */ = {isa = PBXFileReference; lastKnownFileType = sourcecode.swift; path = ProfileView.swift; sourceTree = "<group>"; };
		048F43B12825F0EE003D85EB /* Header.swift */ = {isa = PBXFileReference; lastKnownFileType = sourcecode.swift; path = Header.swift; sourceTree = "<group>"; };
		048F43B728262BE0003D85EB /* ListGame.swift */ = {isa = PBXFileReference; lastKnownFileType = sourcecode.swift; path = ListGame.swift; sourceTree = "<group>"; };
		04BA58F5282BD9B400F4B214 /* CategoryGames.swift */ = {isa = PBXFileReference; lastKnownFileType = sourcecode.swift; path = CategoryGames.swift; sourceTree = "<group>"; };
		04E6A2BD2823FC49008A01F1 /* GamesPopular.app */ = {isa = PBXFileReference; explicitFileType = wrapper.application; includeInIndex = 0; path = GamesPopular.app; sourceTree = BUILT_PRODUCTS_DIR; };
		04E6A2C02823FC49008A01F1 /* GamesPopularApp.swift */ = {isa = PBXFileReference; lastKnownFileType = sourcecode.swift; path = GamesPopularApp.swift; sourceTree = "<group>"; };
		04E6A2C22823FC49008A01F1 /* ContentView.swift */ = {isa = PBXFileReference; lastKnownFileType = sourcecode.swift; path = ContentView.swift; sourceTree = "<group>"; };
		04E6A2C42823FC4A008A01F1 /* Assets.xcassets */ = {isa = PBXFileReference; lastKnownFileType = folder.assetcatalog; path = Assets.xcassets; sourceTree = "<group>"; };
		04E6A2C72823FC4A008A01F1 /* Preview Assets.xcassets */ = {isa = PBXFileReference; lastKnownFileType = folder.assetcatalog; path = "Preview Assets.xcassets"; sourceTree = "<group>"; };
		04E6A2CE282400B0008A01F1 /* helper.swift */ = {isa = PBXFileReference; lastKnownFileType = sourcecode.swift; path = helper.swift; sourceTree = "<group>"; };
		FF4A3ADF283BEEF8004AA58D /* ProfileEdit.swift */ = {isa = PBXFileReference; lastKnownFileType = sourcecode.swift; path = ProfileEdit.swift; sourceTree = "<group>"; };
		FF4A3AE1283BF2B8004AA58D /* Profile.swift */ = {isa = PBXFileReference; lastKnownFileType = sourcecode.swift; path = Profile.swift; sourceTree = "<group>"; };
		FF4A3AE4283BF462004AA58D /* SettingsView.swift */ = {isa = PBXFileReference; lastKnownFileType = sourcecode.swift; path = SettingsView.swift; sourceTree = "<group>"; };
		FFB7B2C4284E234F00D62C5F /* SystemThemeManager.swift */ = {isa = PBXFileReference; lastKnownFileType = sourcecode.swift; path = SystemThemeManager.swift; sourceTree = "<group>"; };
		FFB7B2C6284E34A100D62C5F /* WishListModel.swift */ = {isa = PBXFileReference; lastKnownFileType = sourcecode.swift; path = WishListModel.swift; sourceTree = "<group>"; };
		FFB7B2C9284E404800D62C5F /* WishListView.swift */ = {isa = PBXFileReference; lastKnownFileType = sourcecode.swift; path = WishListView.swift; sourceTree = "<group>"; };
		FFB8ECA22832B41600848D28 /* User.swift */ = {isa = PBXFileReference; lastKnownFileType = sourcecode.swift; path = User.swift; sourceTree = "<group>"; };
		FFD6E1962845AA37002CCB48 /* MoreGames.swift */ = {isa = PBXFileReference; lastKnownFileType = sourcecode.swift; path = MoreGames.swift; sourceTree = "<group>"; };
		FFE5862F283C02C50017A994 /* NightMode.swift */ = {isa = PBXFileReference; lastKnownFileType = sourcecode.swift; path = NightMode.swift; sourceTree = "<group>"; };
/* End PBXFileReference section */

/* Begin PBXFrameworksBuildPhase section */
		04E6A2BA2823FC49008A01F1 /* Frameworks */ = {
			isa = PBXFrameworksBuildPhase;
			buildActionMask = 2147483647;
			files = (
			);
			runOnlyForDeploymentPostprocessing = 0;
		};
/* End PBXFrameworksBuildPhase section */

/* Begin PBXGroup section */
		0451EBEB282C094300B8C6E3 /* Profile */ = {
			isa = PBXGroup;
			children = (
				0451EBEC282C095600B8C6E3 /* ProfileView.swift */,
				FF4A3ADF283BEEF8004AA58D /* ProfileEdit.swift */,
			);
			path = Profile;
			sourceTree = "<group>";
		};
		048F43B528262B97003D85EB /* Model */ = {
			isa = PBXGroup;
			children = (
				04E6A2CE282400B0008A01F1 /* helper.swift */,
				0443E2EC2825249E00A8CF13 /* Games.swift */,
				FFB8ECA22832B41600848D28 /* User.swift */,
				FF4A3AE1283BF2B8004AA58D /* Profile.swift */,
				FFB7B2C6284E34A100D62C5F /* WishListModel.swift */,
			);
			path = Model;
			sourceTree = "<group>";
		};
		048F43B628262BB2003D85EB /* Games */ = {
			isa = PBXGroup;
			children = (
				0443E2EE2825405000A8CF13 /* RowGame.swift */,
				048F43B728262BE0003D85EB /* ListGame.swift */,
				0451EBE9282C087600B8C6E3 /* WishlistGame.swift */,
				FFD6E1962845AA37002CCB48 /* MoreGames.swift */,
			);
			path = Games;
			sourceTree = "<group>";
		};
		04BA58F4282BD99E00F4B214 /* Category */ = {
			isa = PBXGroup;
			children = (
				04BA58F5282BD9B400F4B214 /* CategoryGames.swift */,
			);
			path = Category;
			sourceTree = "<group>";
		};
		04E6A2B42823FC49008A01F1 = {
			isa = PBXGroup;
			children = (
				04E6A2BF2823FC49008A01F1 /* GamesPopular */,
				04E6A2BE2823FC49008A01F1 /* Products */,
			);
			sourceTree = "<group>";
		};
		04E6A2BE2823FC49008A01F1 /* Products */ = {
			isa = PBXGroup;
			children = (
				04E6A2BD2823FC49008A01F1 /* GamesPopular.app */,
			);
			name = Products;
			sourceTree = "<group>";
		};
		04E6A2BF2823FC49008A01F1 /* GamesPopular */ = {
			isa = PBXGroup;
			children = (
				FFB7B2C8284E402100D62C5F /* Wishlist */,
				FFB7B2C3284E233300D62C5F /* Themes */,
				FF4A3AE3283BF345004AA58D /* Settings */,
				0451EBEB282C094300B8C6E3 /* Profile */,
				04BA58F4282BD99E00F4B214 /* Category */,
				048F43B628262BB2003D85EB /* Games */,
				048F43B528262B97003D85EB /* Model */,
				04E6A2C02823FC49008A01F1 /* GamesPopularApp.swift */,
				04E6A2C22823FC49008A01F1 /* ContentView.swift */,
				04E6A2C42823FC4A008A01F1 /* Assets.xcassets */,
				04E6A2C62823FC4A008A01F1 /* Preview Content */,
				048F43B12825F0EE003D85EB /* Header.swift */,
			);
			path = GamesPopular;
			sourceTree = "<group>";
		};
		04E6A2C62823FC4A008A01F1 /* Preview Content */ = {
			isa = PBXGroup;
			children = (
				04E6A2C72823FC4A008A01F1 /* Preview Assets.xcassets */,
			);
			path = "Preview Content";
			sourceTree = "<group>";
		};
		FF4A3AE3283BF345004AA58D /* Settings */ = {
			isa = PBXGroup;
			children = (
				FF4A3AE4283BF462004AA58D /* SettingsView.swift */,
				FFE5862F283C02C50017A994 /* NightMode.swift */,
			);
			path = Settings;
			sourceTree = "<group>";
		};
		FFB7B2C3284E233300D62C5F /* Themes */ = {
			isa = PBXGroup;
			children = (
				FFB7B2C4284E234F00D62C5F /* SystemThemeManager.swift */,
			);
			path = Themes;
			sourceTree = "<group>";
		};
		FFB7B2C8284E402100D62C5F /* Wishlist */ = {
			isa = PBXGroup;
			children = (
				FFB7B2C9284E404800D62C5F /* WishListView.swift */,
			);
			path = Wishlist;
			sourceTree = "<group>";
		};
/* End PBXGroup section */

/* Begin PBXNativeTarget section */
		04E6A2BC2823FC49008A01F1 /* GamesPopular */ = {
			isa = PBXNativeTarget;
			buildConfigurationList = 04E6A2CB2823FC4A008A01F1 /* Build configuration list for PBXNativeTarget "GamesPopular" */;
			buildPhases = (
				04E6A2B92823FC49008A01F1 /* Sources */,
				04E6A2BA2823FC49008A01F1 /* Frameworks */,
				04E6A2BB2823FC49008A01F1 /* Resources */,
			);
			buildRules = (
			);
			dependencies = (
			);
			name = GamesPopular;
			productName = GamesPopular;
			productReference = 04E6A2BD2823FC49008A01F1 /* GamesPopular.app */;
			productType = "com.apple.product-type.application";
		};
/* End PBXNativeTarget section */

/* Begin PBXProject section */
		04E6A2B52823FC49008A01F1 /* Project object */ = {
			isa = PBXProject;
			attributes = {
				BuildIndependentTargetsInParallel = 1;
				LastSwiftUpdateCheck = 1320;
				LastUpgradeCheck = 1320;
				TargetAttributes = {
					04E6A2BC2823FC49008A01F1 = {
						CreatedOnToolsVersion = 13.2.1;
					};
				};
			};
			buildConfigurationList = 04E6A2B82823FC49008A01F1 /* Build configuration list for PBXProject "GamesPopular" */;
			compatibilityVersion = "Xcode 13.0";
			developmentRegion = en;
			hasScannedForEncodings = 0;
			knownRegions = (
				en,
				Base,
			);
			mainGroup = 04E6A2B42823FC49008A01F1;
			productRefGroup = 04E6A2BE2823FC49008A01F1 /* Products */;
			projectDirPath = "";
			projectRoot = "";
			targets = (
				04E6A2BC2823FC49008A01F1 /* GamesPopular */,
			);
		};
/* End PBXProject section */

/* Begin PBXResourcesBuildPhase section */
		04E6A2BB2823FC49008A01F1 /* Resources */ = {
			isa = PBXResourcesBuildPhase;
			buildActionMask = 2147483647;
			files = (
				04E6A2C82823FC4A008A01F1 /* Preview Assets.xcassets in Resources */,
				04E6A2C52823FC4A008A01F1 /* Assets.xcassets in Resources */,
			);
			runOnlyForDeploymentPostprocessing = 0;
		};
/* End PBXResourcesBuildPhase section */

/* Begin PBXSourcesBuildPhase section */
		04E6A2B92823FC49008A01F1 /* Sources */ = {
			isa = PBXSourcesBuildPhase;
			buildActionMask = 2147483647;
			files = (
				0443E2EF2825405000A8CF13 /* RowGame.swift in Sources */,
				04BA58F6282BD9B400F4B214 /* CategoryGames.swift in Sources */,
				0451EBED282C095600B8C6E3 /* ProfileView.swift in Sources */,
				FFE58630283C02C50017A994 /* NightMode.swift in Sources */,
				FFB7B2C5284E234F00D62C5F /* SystemThemeManager.swift in Sources */,
				FF4A3AE2283BF2B8004AA58D /* Profile.swift in Sources */,
				FFB7B2C7284E34A200D62C5F /* WishListModel.swift in Sources */,
				04E6A2CF282400B0008A01F1 /* helper.swift in Sources */,
				04E6A2C32823FC49008A01F1 /* ContentView.swift in Sources */,
				04E6A2C12823FC49008A01F1 /* GamesPopularApp.swift in Sources */,
				FF4A3AE5283BF462004AA58D /* SettingsView.swift in Sources */,
				048F43B22825F0EE003D85EB /* Header.swift in Sources */,
				FFD6E1972845AA37002CCB48 /* MoreGames.swift in Sources */,
				FF4A3AE0283BEEF8004AA58D /* ProfileEdit.swift in Sources */,
				FFB7B2CA284E404800D62C5F /* WishListView.swift in Sources */,
				0451EBEA282C087700B8C6E3 /* WishlistGame.swift in Sources */,
				048F43B828262BE0003D85EB /* ListGame.swift in Sources */,
				0443E2ED2825249E00A8CF13 /* Games.swift in Sources */,
				FFB8ECA32832B41600848D28 /* User.swift in Sources */,
			);
			runOnlyForDeploymentPostprocessing = 0;
		};
/* End PBXSourcesBuildPhase section */

/* Begin XCBuildConfiguration section */
		04E6A2C92823FC4A008A01F1 /* Debug */ = {
			isa = XCBuildConfiguration;
			buildSettings = {
				ALWAYS_SEARCH_USER_PATHS = NO;
				CLANG_ANALYZER_NONNULL = YES;
				CLANG_ANALYZER_NUMBER_OBJECT_CONVERSION = YES_AGGRESSIVE;
				CLANG_CXX_LANGUAGE_STANDARD = "gnu++17";
				CLANG_CXX_LIBRARY = "libc++";
				CLANG_ENABLE_MODULES = YES;
				CLANG_ENABLE_OBJC_ARC = YES;
				CLANG_ENABLE_OBJC_WEAK = YES;
				CLANG_WARN_BLOCK_CAPTURE_AUTORELEASING = YES;
				CLANG_WARN_BOOL_CONVERSION = YES;
				CLANG_WARN_COMMA = YES;
				CLANG_WARN_CONSTANT_CONVERSION = YES;
				CLANG_WARN_DEPRECATED_OBJC_IMPLEMENTATIONS = YES;
				CLANG_WARN_DIRECT_OBJC_ISA_USAGE = YES_ERROR;
				CLANG_WARN_DOCUMENTATION_COMMENTS = YES;
				CLANG_WARN_EMPTY_BODY = YES;
				CLANG_WARN_ENUM_CONVERSION = YES;
				CLANG_WARN_INFINITE_RECURSION = YES;
				CLANG_WARN_INT_CONVERSION = YES;
				CLANG_WARN_NON_LITERAL_NULL_CONVERSION = YES;
				CLANG_WARN_OBJC_IMPLICIT_RETAIN_SELF = YES;
				CLANG_WARN_OBJC_LITERAL_CONVERSION = YES;
				CLANG_WARN_OBJC_ROOT_CLASS = YES_ERROR;
				CLANG_WARN_QUOTED_INCLUDE_IN_FRAMEWORK_HEADER = YES;
				CLANG_WARN_RANGE_LOOP_ANALYSIS = YES;
				CLANG_WARN_STRICT_PROTOTYPES = YES;
				CLANG_WARN_SUSPICIOUS_MOVE = YES;
				CLANG_WARN_UNGUARDED_AVAILABILITY = YES_AGGRESSIVE;
				CLANG_WARN_UNREACHABLE_CODE = YES;
				CLANG_WARN__DUPLICATE_METHOD_MATCH = YES;
				COPY_PHASE_STRIP = NO;
				DEBUG_INFORMATION_FORMAT = dwarf;
				ENABLE_STRICT_OBJC_MSGSEND = YES;
				ENABLE_TESTABILITY = YES;
				GCC_C_LANGUAGE_STANDARD = gnu11;
				GCC_DYNAMIC_NO_PIC = NO;
				GCC_NO_COMMON_BLOCKS = YES;
				GCC_OPTIMIZATION_LEVEL = 0;
				GCC_PREPROCESSOR_DEFINITIONS = (
					"DEBUG=1",
					"$(inherited)",
				);
				GCC_WARN_64_TO_32_BIT_CONVERSION = YES;
				GCC_WARN_ABOUT_RETURN_TYPE = YES_ERROR;
				GCC_WARN_UNDECLARED_SELECTOR = YES;
				GCC_WARN_UNINITIALIZED_AUTOS = YES_AGGRESSIVE;
				GCC_WARN_UNUSED_FUNCTION = YES;
				GCC_WARN_UNUSED_VARIABLE = YES;
				IPHONEOS_DEPLOYMENT_TARGET = 15.2;
				MTL_ENABLE_DEBUG_INFO = INCLUDE_SOURCE;
				MTL_FAST_MATH = YES;
				ONLY_ACTIVE_ARCH = YES;
				SDKROOT = iphoneos;
				SWIFT_ACTIVE_COMPILATION_CONDITIONS = DEBUG;
				SWIFT_OPTIMIZATION_LEVEL = "-Onone";
			};
			name = Debug;
		};
		04E6A2CA2823FC4A008A01F1 /* Release */ = {
			isa = XCBuildConfiguration;
			buildSettings = {
				ALWAYS_SEARCH_USER_PATHS = NO;
				CLANG_ANALYZER_NONNULL = YES;
				CLANG_ANALYZER_NUMBER_OBJECT_CONVERSION = YES_AGGRESSIVE;
				CLANG_CXX_LANGUAGE_STANDARD = "gnu++17";
				CLANG_CXX_LIBRARY = "libc++";
				CLANG_ENABLE_MODULES = YES;
				CLANG_ENABLE_OBJC_ARC = YES;
				CLANG_ENABLE_OBJC_WEAK = YES;
				CLANG_WARN_BLOCK_CAPTURE_AUTORELEASING = YES;
				CLANG_WARN_BOOL_CONVERSION = YES;
				CLANG_WARN_COMMA = YES;
				CLANG_WARN_CONSTANT_CONVERSION = YES;
				CLANG_WARN_DEPRECATED_OBJC_IMPLEMENTATIONS = YES;
				CLANG_WARN_DIRECT_OBJC_ISA_USAGE = YES_ERROR;
				CLANG_WARN_DOCUMENTATION_COMMENTS = YES;
				CLANG_WARN_EMPTY_BODY = YES;
				CLANG_WARN_ENUM_CONVERSION = YES;
				CLANG_WARN_INFINITE_RECURSION = YES;
				CLANG_WARN_INT_CONVERSION = YES;
				CLANG_WARN_NON_LITERAL_NULL_CONVERSION = YES;
				CLANG_WARN_OBJC_IMPLICIT_RETAIN_SELF = YES;
				CLANG_WARN_OBJC_LITERAL_CONVERSION = YES;
				CLANG_WARN_OBJC_ROOT_CLASS = YES_ERROR;
				CLANG_WARN_QUOTED_INCLUDE_IN_FRAMEWORK_HEADER = YES;
				CLANG_WARN_RANGE_LOOP_ANALYSIS = YES;
				CLANG_WARN_STRICT_PROTOTYPES = YES;
				CLANG_WARN_SUSPICIOUS_MOVE = YES;
				CLANG_WARN_UNGUARDED_AVAILABILITY = YES_AGGRESSIVE;
				CLANG_WARN_UNREACHABLE_CODE = YES;
				CLANG_WARN__DUPLICATE_METHOD_MATCH = YES;
				COPY_PHASE_STRIP = NO;
				DEBUG_INFORMATION_FORMAT = "dwarf-with-dsym";
				ENABLE_NS_ASSERTIONS = NO;
				ENABLE_STRICT_OBJC_MSGSEND = YES;
				GCC_C_LANGUAGE_STANDARD = gnu11;
				GCC_NO_COMMON_BLOCKS = YES;
				GCC_WARN_64_TO_32_BIT_CONVERSION = YES;
				GCC_WARN_ABOUT_RETURN_TYPE = YES_ERROR;
				GCC_WARN_UNDECLARED_SELECTOR = YES;
				GCC_WARN_UNINITIALIZED_AUTOS = YES_AGGRESSIVE;
				GCC_WARN_UNUSED_FUNCTION = YES;
				GCC_WARN_UNUSED_VARIABLE = YES;
				IPHONEOS_DEPLOYMENT_TARGET = 15.2;
				MTL_ENABLE_DEBUG_INFO = NO;
				MTL_FAST_MATH = YES;
				SDKROOT = iphoneos;
				SWIFT_COMPILATION_MODE = wholemodule;
				SWIFT_OPTIMIZATION_LEVEL = "-O";
				VALIDATE_PRODUCT = YES;
			};
			name = Release;
		};
		04E6A2CC2823FC4A008A01F1 /* Debug */ = {
			isa = XCBuildConfiguration;
			buildSettings = {
				ASSETCATALOG_COMPILER_APPICON_NAME = AppIcon;
				ASSETCATALOG_COMPILER_GLOBAL_ACCENT_COLOR_NAME = AccentColor;
				CODE_SIGN_STYLE = Automatic;
				CURRENT_PROJECT_VERSION = 1;
				DEVELOPMENT_ASSET_PATHS = "\"GamesPopular/Preview Content\"";
				ENABLE_PREVIEWS = YES;
				GENERATE_INFOPLIST_FILE = YES;
				INFOPLIST_KEY_UIApplicationSceneManifest_Generation = YES;
				INFOPLIST_KEY_UIApplicationSupportsIndirectInputEvents = YES;
				INFOPLIST_KEY_UILaunchScreen_Generation = YES;
				INFOPLIST_KEY_UISupportedInterfaceOrientations_iPad = "UIInterfaceOrientationPortrait UIInterfaceOrientationPortraitUpsideDown UIInterfaceOrientationLandscapeLeft UIInterfaceOrientationLandscapeRight";
				INFOPLIST_KEY_UISupportedInterfaceOrientations_iPhone = "UIInterfaceOrientationPortrait UIInterfaceOrientationLandscapeLeft UIInterfaceOrientationLandscapeRight";
				LD_RUNPATH_SEARCH_PATHS = (
					"$(inherited)",
					"@executable_path/Frameworks",
				);
				MARKETING_VERSION = 1.0;
				PRODUCT_BUNDLE_IDENTIFIER = com.UC.Week5.GamesPopular;
				PRODUCT_NAME = "$(TARGET_NAME)";
				SWIFT_EMIT_LOC_STRINGS = YES;
				SWIFT_VERSION = 5.0;
				TARGETED_DEVICE_FAMILY = "1,2";
			};
			name = Debug;
		};
		04E6A2CD2823FC4A008A01F1 /* Release */ = {
			isa = XCBuildConfiguration;
			buildSettings = {
				ASSETCATALOG_COMPILER_APPICON_NAME = AppIcon;
				ASSETCATALOG_COMPILER_GLOBAL_ACCENT_COLOR_NAME = AccentColor;
				CODE_SIGN_STYLE = Automatic;
				CURRENT_PROJECT_VERSION = 1;
				DEVELOPMENT_ASSET_PATHS = "\"GamesPopular/Preview Content\"";
				ENABLE_PREVIEWS = YES;
				GENERATE_INFOPLIST_FILE = YES;
				INFOPLIST_KEY_UIApplicationSceneManifest_Generation = YES;
				INFOPLIST_KEY_UIApplicationSupportsIndirectInputEvents = YES;
				INFOPLIST_KEY_UILaunchScreen_Generation = YES;
				INFOPLIST_KEY_UISupportedInterfaceOrientations_iPad = "UIInterfaceOrientationPortrait UIInterfaceOrientationPortraitUpsideDown UIInterfaceOrientationLandscapeLeft UIInterfaceOrientationLandscapeRight";
				INFOPLIST_KEY_UISupportedInterfaceOrientations_iPhone = "UIInterfaceOrientationPortrait UIInterfaceOrientationLandscapeLeft UIInterfaceOrientationLandscapeRight";
				LD_RUNPATH_SEARCH_PATHS = (
					"$(inherited)",
					"@executable_path/Frameworks",
				);
				MARKETING_VERSION = 1.0;
				PRODUCT_BUNDLE_IDENTIFIER = com.UC.Week5.GamesPopular;
				PRODUCT_NAME = "$(TARGET_NAME)";
				SWIFT_EMIT_LOC_STRINGS = YES;
				SWIFT_VERSION = 5.0;
				TARGETED_DEVICE_FAMILY = "1,2";
			};
			name = Release;
		};
/* End XCBuildConfiguration section */

/* Begin XCConfigurationList section */
		04E6A2B82823FC49008A01F1 /* Build configuration list for PBXProject "GamesPopular" */ = {
			isa = XCConfigurationList;
			buildConfigurations = (
				04E6A2C92823FC4A008A01F1 /* Debug */,
				04E6A2CA2823FC4A008A01F1 /* Release */,
			);
			defaultConfigurationIsVisible = 0;
			defaultConfigurationName = Release;
		};
		04E6A2CB2823FC4A008A01F1 /* Build configuration list for PBXNativeTarget "GamesPopular" */ = {
			isa = XCConfigurationList;
			buildConfigurations = (
				04E6A2CC2823FC4A008A01F1 /* Debug */,
				04E6A2CD2823FC4A008A01F1 /* Release */,
			);
			defaultConfigurationIsVisible = 0;
			defaultConfigurationName = Release;
		};
/* End XCConfigurationList section */
	};
	rootObject = 04E6A2B52823FC49008A01F1 /* Project object */;
}
